// !$*UTF8*$!
{
	archiveVersion = 1;
	classes = {
	};
	objectVersion = 50;
	objects = {

/* Begin PBXBuildFile section */
		FE9F76DD22248E88006575CA /* AppDelegate.swift in Sources */ = {isa = PBXBuildFile; fileRef = FE9F76DC22248E88006575CA /* AppDelegate.swift */; };
		FE9F76DF22248E88006575CA /* ViewController.swift in Sources */ = {isa = PBXBuildFile; fileRef = FE9F76DE22248E88006575CA /* ViewController.swift */; };
		FE9F76E222248E88006575CA /* Main.storyboard in Resources */ = {isa = PBXBuildFile; fileRef = FE9F76E022248E88006575CA /* Main.storyboard */; };
		FE9F76E422248E8B006575CA /* Assets.xcassets in Resources */ = {isa = PBXBuildFile; fileRef = FE9F76E322248E8B006575CA /* Assets.xcassets */; };
		FE9F76E722248E8B006575CA /* LaunchScreen.storyboard in Resources */ = {isa = PBXBuildFile; fileRef = FE9F76E522248E8B006575CA /* LaunchScreen.storyboard */; };
		FE9F76F522248F32006575CA /* AppDelegate.swift in Sources */ = {isa = PBXBuildFile; fileRef = FE9F76F422248F32006575CA /* AppDelegate.swift */; };
		FE9F76F722248F32006575CA /* ViewController.swift in Sources */ = {isa = PBXBuildFile; fileRef = FE9F76F622248F32006575CA /* ViewController.swift */; };
		FE9F76FA22248F32006575CA /* Main.storyboard in Resources */ = {isa = PBXBuildFile; fileRef = FE9F76F822248F32006575CA /* Main.storyboard */; };
		FE9F76FF22248F33006575CA /* LaunchScreen.storyboard in Resources */ = {isa = PBXBuildFile; fileRef = FE9F76FD22248F33006575CA /* LaunchScreen.storyboard */; };
		FE9F77062224904A006575CA /* Assets.xcassets in Resources */ = {isa = PBXBuildFile; fileRef = FE9F76E322248E8B006575CA /* Assets.xcassets */; };
/* End PBXBuildFile section */

/* Begin PBXFileReference section */
		FE9F76D922248E88006575CA /* Artable.app */ = {isa = PBXFileReference; explicitFileType = wrapper.application; includeInIndex = 0; path = Artable.app; sourceTree = BUILT_PRODUCTS_DIR; };
		FE9F76DC22248E88006575CA /* AppDelegate.swift */ = {isa = PBXFileReference; lastKnownFileType = sourcecode.swift; path = AppDelegate.swift; sourceTree = "<group>"; };
		FE9F76DE22248E88006575CA /* ViewController.swift */ = {isa = PBXFileReference; lastKnownFileType = sourcecode.swift; path = ViewController.swift; sourceTree = "<group>"; };
		FE9F76E122248E88006575CA /* Base */ = {isa = PBXFileReference; lastKnownFileType = file.storyboard; name = Base; path = Base.lproj/Main.storyboard; sourceTree = "<group>"; };
		FE9F76E322248E8B006575CA /* Assets.xcassets */ = {isa = PBXFileReference; lastKnownFileType = folder.assetcatalog; path = Assets.xcassets; sourceTree = "<group>"; };
		FE9F76E622248E8B006575CA /* Base */ = {isa = PBXFileReference; lastKnownFileType = file.storyboard; name = Base; path = Base.lproj/LaunchScreen.storyboard; sourceTree = "<group>"; };
		FE9F76E822248E8B006575CA /* Info.plist */ = {isa = PBXFileReference; lastKnownFileType = text.plist.xml; path = Info.plist; sourceTree = "<group>"; };
		FE9F76F222248F31006575CA /* ArtableAdmin.app */ = {isa = PBXFileReference; explicitFileType = wrapper.application; includeInIndex = 0; path = ArtableAdmin.app; sourceTree = BUILT_PRODUCTS_DIR; };
		FE9F76F422248F32006575CA /* AppDelegate.swift */ = {isa = PBXFileReference; lastKnownFileType = sourcecode.swift; path = AppDelegate.swift; sourceTree = "<group>"; };
		FE9F76F622248F32006575CA /* ViewController.swift */ = {isa = PBXFileReference; lastKnownFileType = sourcecode.swift; path = ViewController.swift; sourceTree = "<group>"; };
		FE9F76F922248F32006575CA /* Base */ = {isa = PBXFileReference; lastKnownFileType = file.storyboard; name = Base; path = Base.lproj/Main.storyboard; sourceTree = "<group>"; };
		FE9F76FE22248F33006575CA /* Base */ = {isa = PBXFileReference; lastKnownFileType = file.storyboard; name = Base; path = Base.lproj/LaunchScreen.storyboard; sourceTree = "<group>"; };
		FE9F770022248F33006575CA /* Info.plist */ = {isa = PBXFileReference; lastKnownFileType = text.plist.xml; path = Info.plist; sourceTree = "<group>"; };
/* End PBXFileReference section */

/* Begin PBXFrameworksBuildPhase section */
		FE9F76D622248E88006575CA /* Frameworks */ = {
			isa = PBXFrameworksBuildPhase;
			buildActionMask = 2147483647;
			files = (
			);
			runOnlyForDeploymentPostprocessing = 0;
		};
		FE9F76EF22248F31006575CA /* Frameworks */ = {
			isa = PBXFrameworksBuildPhase;
			buildActionMask = 2147483647;
			files = (
			);
			runOnlyForDeploymentPostprocessing = 0;
		};
/* End PBXFrameworksBuildPhase section */

/* Begin PBXGroup section */
		FE9F76D022248E88006575CA = {
			isa = PBXGroup;
			children = (
				FE9F770522248FBC006575CA /* Shared */,
				FE9F76DB22248E88006575CA /* Artable */,
				FE9F76F322248F32006575CA /* ArtableAdmin */,
				FE9F76DA22248E88006575CA /* Products */,
			);
			sourceTree = "<group>";
		};
		FE9F76DA22248E88006575CA /* Products */ = {
			isa = PBXGroup;
			children = (
				FE9F76D922248E88006575CA /* Artable.app */,
				FE9F76F222248F31006575CA /* ArtableAdmin.app */,
			);
			name = Products;
			sourceTree = "<group>";
		};
		FE9F76DB22248E88006575CA /* Artable */ = {
			isa = PBXGroup;
			children = (
				FE9F76DC22248E88006575CA /* AppDelegate.swift */,
				FE9F76DE22248E88006575CA /* ViewController.swift */,
				FE9F76E022248E88006575CA /* Main.storyboard */,
				FE9F76E522248E8B006575CA /* LaunchScreen.storyboard */,
				FE9F76E822248E8B006575CA /* Info.plist */,
			);
			path = Artable;
			sourceTree = "<group>";
		};
		FE9F76F322248F32006575CA /* ArtableAdmin */ = {
			isa = PBXGroup;
			children = (
				FE9F76F422248F32006575CA /* AppDelegate.swift */,
				FE9F76F622248F32006575CA /* ViewController.swift */,
				FE9F76F822248F32006575CA /* Main.storyboard */,
				FE9F76FD22248F33006575CA /* LaunchScreen.storyboard */,
				FE9F770022248F33006575CA /* Info.plist */,
			);
			path = ArtableAdmin;
			sourceTree = "<group>";
		};
		FE9F770522248FBC006575CA /* Shared */ = {
			isa = PBXGroup;
			children = (
				FE9F76E322248E8B006575CA /* Assets.xcassets */,
			);
			path = Shared;
			sourceTree = "<group>";
		};
/* End PBXGroup section */

/* Begin PBXNativeTarget section */
		FE9F76D822248E88006575CA /* Artable */ = {
			isa = PBXNativeTarget;
			buildConfigurationList = FE9F76EB22248E8B006575CA /* Build configuration list for PBXNativeTarget "Artable" */;
			buildPhases = (
				FE9F76D522248E88006575CA /* Sources */,
				FE9F76D622248E88006575CA /* Frameworks */,
				FE9F76D722248E88006575CA /* Resources */,
			);
			buildRules = (
			);
			dependencies = (
			);
			name = Artable;
			productName = Artable;
			productReference = FE9F76D922248E88006575CA /* Artable.app */;
			productType = "com.apple.product-type.application";
		};
		FE9F76F122248F31006575CA /* ArtableAdmin */ = {
			isa = PBXNativeTarget;
			buildConfigurationList = FE9F770122248F33006575CA /* Build configuration list for PBXNativeTarget "ArtableAdmin" */;
			buildPhases = (
				FE9F76EE22248F31006575CA /* Sources */,
				FE9F76EF22248F31006575CA /* Frameworks */,
				FE9F76F022248F31006575CA /* Resources */,
			);
			buildRules = (
			);
			dependencies = (
			);
			name = ArtableAdmin;
			productName = ArtableAdmin;
			productReference = FE9F76F222248F31006575CA /* ArtableAdmin.app */;
			productType = "com.apple.product-type.application";
		};
/* End PBXNativeTarget section */

/* Begin PBXProject section */
		FE9F76D122248E88006575CA /* Project object */ = {
			isa = PBXProject;
			attributes = {
				LastSwiftUpdateCheck = 1010;
				LastUpgradeCheck = 1010;
				ORGANIZATIONNAME = "SilverNinja™";
				TargetAttributes = {
					FE9F76D822248E88006575CA = {
						CreatedOnToolsVersion = 10.1;
					};
					FE9F76F122248F31006575CA = {
						CreatedOnToolsVersion = 10.1;
					};
				};
			};
			buildConfigurationList = FE9F76D422248E88006575CA /* Build configuration list for PBXProject "Artable" */;
			compatibilityVersion = "Xcode 9.3";
			developmentRegion = en;
			hasScannedForEncodings = 0;
			knownRegions = (
				en,
				Base,
			);
			mainGroup = FE9F76D022248E88006575CA;
			productRefGroup = FE9F76DA22248E88006575CA /* Products */;
			projectDirPath = "";
			projectRoot = "";
			targets = (
				FE9F76D822248E88006575CA /* Artable */,
				FE9F76F122248F31006575CA /* ArtableAdmin */,
			);
		};
/* End PBXProject section */

/* Begin PBXResourcesBuildPhase section */
		FE9F76D722248E88006575CA /* Resources */ = {
			isa = PBXResourcesBuildPhase;
			buildActionMask = 2147483647;
			files = (
				FE9F76E722248E8B006575CA /* LaunchScreen.storyboard in Resources */,
				FE9F76E422248E8B006575CA /* Assets.xcassets in Resources */,
				FE9F76E222248E88006575CA /* Main.storyboard in Resources */,
			);
			runOnlyForDeploymentPostprocessing = 0;
		};
		FE9F76F022248F31006575CA /* Resources */ = {
			isa = PBXResourcesBuildPhase;
			buildActionMask = 2147483647;
			files = (
				FE9F76FF22248F33006575CA /* LaunchScreen.storyboard in Resources */,
				FE9F77062224904A006575CA /* Assets.xcassets in Resources */,
				FE9F76FA22248F32006575CA /* Main.storyboard in Resources */,
			);
			runOnlyForDeploymentPostprocessing = 0;
		};
/* End PBXResourcesBuildPhase section */

/* Begin PBXSourcesBuildPhase section */
		FE9F76D522248E88006575CA /* Sources */ = {
			isa = PBXSourcesBuildPhase;
			buildActionMask = 2147483647;
			files = (
				FE9F76DF22248E88006575CA /* ViewController.swift in Sources */,
				FE9F76DD22248E88006575CA /* AppDelegate.swift in Sources */,
			);
			runOnlyForDeploymentPostprocessing = 0;
		};
		FE9F76EE22248F31006575CA /* Sources */ = {
			isa = PBXSourcesBuildPhase;
			buildActionMask = 2147483647;
			files = (
				FE9F76F722248F32006575CA /* ViewController.swift in Sources */,
				FE9F76F522248F32006575CA /* AppDelegate.swift in Sources */,
			);
			runOnlyForDeploymentPostprocessing = 0;
		};
/* End PBXSourcesBuildPhase section */

/* Begin PBXVariantGroup section */
		FE9F76E022248E88006575CA /* Main.storyboard */ = {
			isa = PBXVariantGroup;
			children = (
				FE9F76E122248E88006575CA /* Base */,
			);
			name = Main.storyboard;
			sourceTree = "<group>";
		};
		FE9F76E522248E8B006575CA /* LaunchScreen.storyboard */ = {
			isa = PBXVariantGroup;
			children = (
				FE9F76E622248E8B006575CA /* Base */,
			);
			name = LaunchScreen.storyboard;
			sourceTree = "<group>";
		};
		FE9F76F822248F32006575CA /* Main.storyboard */ = {
			isa = PBXVariantGroup;
			children = (
				FE9F76F922248F32006575CA /* Base */,
			);
			name = Main.storyboard;
			sourceTree = "<group>";
		};
		FE9F76FD22248F33006575CA /* LaunchScreen.storyboard */ = {
			isa = PBXVariantGroup;
			children = (
				FE9F76FE22248F33006575CA /* Base */,
			);
			name = LaunchScreen.storyboard;
			sourceTree = "<group>";
		};
/* End PBXVariantGroup section */

/* Begin XCBuildConfiguration section */
		FE9F76E922248E8B006575CA /* Debug */ = {
			isa = XCBuildConfiguration;
			buildSettings = {
				ALWAYS_SEARCH_USER_PATHS = NO;
				CLANG_ANALYZER_NONNULL = YES;
				CLANG_ANALYZER_NUMBER_OBJECT_CONVERSION = YES_AGGRESSIVE;
				CLANG_CXX_LANGUAGE_STANDARD = "gnu++14";
				CLANG_CXX_LIBRARY = "libc++";
				CLANG_ENABLE_MODULES = YES;
				CLANG_ENABLE_OBJC_ARC = YES;
				CLANG_ENABLE_OBJC_WEAK = YES;
				CLANG_WARN_BLOCK_CAPTURE_AUTORELEASING = YES;
				CLANG_WARN_BOOL_CONVERSION = YES;
				CLANG_WARN_COMMA = YES;
				CLANG_WARN_CONSTANT_CONVERSION = YES;
				CLANG_WARN_DEPRECATED_OBJC_IMPLEMENTATIONS = YES;
				CLANG_WARN_DIRECT_OBJC_ISA_USAGE = YES_ERROR;
				CLANG_WARN_DOCUMENTATION_COMMENTS = YES;
				CLANG_WARN_EMPTY_BODY = YES;
				CLANG_WARN_ENUM_CONVERSION = YES;
				CLANG_WARN_INFINITE_RECURSION = YES;
				CLANG_WARN_INT_CONVERSION = YES;
				CLANG_WARN_NON_LITERAL_NULL_CONVERSION = YES;
				CLANG_WARN_OBJC_IMPLICIT_RETAIN_SELF = YES;
				CLANG_WARN_OBJC_LITERAL_CONVERSION = YES;
				CLANG_WARN_OBJC_ROOT_CLASS = YES_ERROR;
				CLANG_WARN_RANGE_LOOP_ANALYSIS = YES;
				CLANG_WARN_STRICT_PROTOTYPES = YES;
				CLANG_WARN_SUSPICIOUS_MOVE = YES;
				CLANG_WARN_UNGUARDED_AVAILABILITY = YES_AGGRESSIVE;
				CLANG_WARN_UNREACHABLE_CODE = YES;
				CLANG_WARN__DUPLICATE_METHOD_MATCH = YES;
				CODE_SIGN_IDENTITY = "iPhone Developer";
				COPY_PHASE_STRIP = NO;
				DEBUG_INFORMATION_FORMAT = dwarf;
				ENABLE_STRICT_OBJC_MSGSEND = YES;
				ENABLE_TESTABILITY = YES;
				GCC_C_LANGUAGE_STANDARD = gnu11;
				GCC_DYNAMIC_NO_PIC = NO;
				GCC_NO_COMMON_BLOCKS = YES;
				GCC_OPTIMIZATION_LEVEL = 0;
				GCC_PREPROCESSOR_DEFINITIONS = (
					"DEBUG=1",
					"$(inherited)",
				);
				GCC_WARN_64_TO_32_BIT_CONVERSION = YES;
				GCC_WARN_ABOUT_RETURN_TYPE = YES_ERROR;
				GCC_WARN_UNDECLARED_SELECTOR = YES;
				GCC_WARN_UNINITIALIZED_AUTOS = YES_AGGRESSIVE;
				GCC_WARN_UNUSED_FUNCTION = YES;
				GCC_WARN_UNUSED_VARIABLE = YES;
				IPHONEOS_DEPLOYMENT_TARGET = 12.1;
				MTL_ENABLE_DEBUG_INFO = INCLUDE_SOURCE;
				MTL_FAST_MATH = YES;
				ONLY_ACTIVE_ARCH = YES;
				SDKROOT = iphoneos;
				SWIFT_ACTIVE_COMPILATION_CONDITIONS = DEBUG;
				SWIFT_OPTIMIZATION_LEVEL = "-Onone";
			};
			name = Debug;
		};
		FE9F76EA22248E8B006575CA /* Release */ = {
			isa = XCBuildConfiguration;
			buildSettings = {
				ALWAYS_SEARCH_USER_PATHS = NO;
				CLANG_ANALYZER_NONNULL = YES;
				CLANG_ANALYZER_NUMBER_OBJECT_CONVERSION = YES_AGGRESSIVE;
				CLANG_CXX_LANGUAGE_STANDARD = "gnu++14";
				CLANG_CXX_LIBRARY = "libc++";
				CLANG_ENABLE_MODULES = YES;
				CLANG_ENABLE_OBJC_ARC = YES;
				CLANG_ENABLE_OBJC_WEAK = YES;
				CLANG_WARN_BLOCK_CAPTURE_AUTORELEASING = YES;
				CLANG_WARN_BOOL_CONVERSION = YES;
				CLANG_WARN_COMMA = YES;
				CLANG_WARN_CONSTANT_CONVERSION = YES;
				CLANG_WARN_DEPRECATED_OBJC_IMPLEMENTATIONS = YES;
				CLANG_WARN_DIRECT_OBJC_ISA_USAGE = YES_ERROR;
				CLANG_WARN_DOCUMENTATION_COMMENTS = YES;
				CLANG_WARN_EMPTY_BODY = YES;
				CLANG_WARN_ENUM_CONVERSION = YES;
				CLANG_WARN_INFINITE_RECURSION = YES;
				CLANG_WARN_INT_CONVERSION = YES;
				CLANG_WARN_NON_LITERAL_NULL_CONVERSION = YES;
				CLANG_WARN_OBJC_IMPLICIT_RETAIN_SELF = YES;
				CLANG_WARN_OBJC_LITERAL_CONVERSION = YES;
				CLANG_WARN_OBJC_ROOT_CLASS = YES_ERROR;
				CLANG_WARN_RANGE_LOOP_ANALYSIS = YES;
				CLANG_WARN_STRICT_PROTOTYPES = YES;
				CLANG_WARN_SUSPICIOUS_MOVE = YES;
				CLANG_WARN_UNGUARDED_AVAILABILITY = YES_AGGRESSIVE;
				CLANG_WARN_UNREACHABLE_CODE = YES;
				CLANG_WARN__DUPLICATE_METHOD_MATCH = YES;
				CODE_SIGN_IDENTITY = "iPhone Developer";
				COPY_PHASE_STRIP = NO;
				DEBUG_INFORMATION_FORMAT = "dwarf-with-dsym";
				ENABLE_NS_ASSERTIONS = NO;
				ENABLE_STRICT_OBJC_MSGSEND = YES;
				GCC_C_LANGUAGE_STANDARD = gnu11;
				GCC_NO_COMMON_BLOCKS = YES;
				GCC_WARN_64_TO_32_BIT_CONVERSION = YES;
				GCC_WARN_ABOUT_RETURN_TYPE = YES_ERROR;
				GCC_WARN_UNDECLARED_SELECTOR = YES;
				GCC_WARN_UNINITIALIZED_AUTOS = YES_AGGRESSIVE;
				GCC_WARN_UNUSED_FUNCTION = YES;
				GCC_WARN_UNUSED_VARIABLE = YES;
				IPHONEOS_DEPLOYMENT_TARGET = 12.1;
				MTL_ENABLE_DEBUG_INFO = NO;
				MTL_FAST_MATH = YES;
				SDKROOT = iphoneos;
				SWIFT_COMPILATION_MODE = wholemodule;
				SWIFT_OPTIMIZATION_LEVEL = "-O";
				VALIDATE_PRODUCT = YES;
			};
			name = Release;
		};
		FE9F76EC22248E8B006575CA /* Debug */ = {
			isa = XCBuildConfiguration;
			buildSettings = {
				ASSETCATALOG_COMPILER_APPICON_NAME = AppIcon;
				CODE_SIGN_STYLE = Automatic;
				DEVELOPMENT_TEAM = 9T7WS78Y68;
				INFOPLIST_FILE = Artable/Info.plist;
				LD_RUNPATH_SEARCH_PATHS = (
					"$(inherited)",
					"@executable_path/Frameworks",
				);
				PRODUCT_BUNDLE_IDENTIFIER = com.mykittypup.Artable;
				PRODUCT_NAME = "$(TARGET_NAME)";
				SWIFT_VERSION = 4.2;
				TARGETED_DEVICE_FAMILY = "1,2";
			};
			name = Debug;
		};
		FE9F76ED22248E8B006575CA /* Release */ = {
			isa = XCBuildConfiguration;
			buildSettings = {
				ASSETCATALOG_COMPILER_APPICON_NAME = AppIcon;
				CODE_SIGN_STYLE = Automatic;
				DEVELOPMENT_TEAM = 9T7WS78Y68;
				INFOPLIST_FILE = Artable/Info.plist;
				LD_RUNPATH_SEARCH_PATHS = (
					"$(inherited)",
					"@executable_path/Frameworks",
				);
				PRODUCT_BUNDLE_IDENTIFIER = com.mykittypup.Artable;
				PRODUCT_NAME = "$(TARGET_NAME)";
				SWIFT_VERSION = 4.2;
				TARGETED_DEVICE_FAMILY = "1,2";
			};
			name = Release;
		};
		FE9F770222248F33006575CA /* Debug */ = {
			isa = XCBuildConfiguration;
			buildSettings = {
				ASSETCATALOG_COMPILER_APPICON_NAME = AppIcon;
				CODE_SIGN_STYLE = Automatic;
				DEVELOPMENT_TEAM = 9T7WS78Y68;
				INFOPLIST_FILE = ArtableAdmin/Info.plist;
				LD_RUNPATH_SEARCH_PATHS = (
					"$(inherited)",
					"@executable_path/Frameworks",
				);
				PRODUCT_BUNDLE_IDENTIFIER = com.mykittypup.ArtableAdmin;
				PRODUCT_NAME = "$(TARGET_NAME)";
				SWIFT_VERSION = 4.2;
				TARGETED_DEVICE_FAMILY = "1,2";
			};
			name = Debug;
		};
		FE9F770322248F33006575CA /* Release */ = {
			isa = XCBuildConfiguration;
			buildSettings = {
				ASSETCATALOG_COMPILER_APPICON_NAME = AppIcon;
				CODE_SIGN_STYLE = Automatic;
				DEVELOPMENT_TEAM = 9T7WS78Y68;
				INFOPLIST_FILE = ArtableAdmin/Info.plist;
				LD_RUNPATH_SEARCH_PATHS = (
					"$(inherited)",
					"@executable_path/Frameworks",
				);
				PRODUCT_BUNDLE_IDENTIFIER = com.mykittypup.ArtableAdmin;
				PRODUCT_NAME = "$(TARGET_NAME)";
				SWIFT_VERSION = 4.2;
				TARGETED_DEVICE_FAMILY = "1,2";
			};
			name = Release;
		};
/* End XCBuildConfiguration section */

/* Begin XCConfigurationList section */
		FE9F76D422248E88006575CA /* Build configuration list for PBXProject "Artable" */ = {
			isa = XCConfigurationList;
			buildConfigurations = (
				FE9F76E922248E8B006575CA /* Debug */,
				FE9F76EA22248E8B006575CA /* Release */,
			);
			defaultConfigurationIsVisible = 0;
			defaultConfigurationName = Release;
		};
		FE9F76EB22248E8B006575CA /* Build configuration list for PBXNativeTarget "Artable" */ = {
			isa = XCConfigurationList;
			buildConfigurations = (
				FE9F76EC22248E8B006575CA /* Debug */,
				FE9F76ED22248E8B006575CA /* Release */,
			);
			defaultConfigurationIsVisible = 0;
			defaultConfigurationName = Release;
		};
		FE9F770122248F33006575CA /* Build configuration list for PBXNativeTarget "ArtableAdmin" */ = {
			isa = XCConfigurationList;
			buildConfigurations = (
				FE9F770222248F33006575CA /* Debug */,
				FE9F770322248F33006575CA /* Release */,
			);
			defaultConfigurationIsVisible = 0;
			defaultConfigurationName = Release;
		};
/* End XCConfigurationList section */
	};
	rootObject = FE9F76D122248E88006575CA /* Project object */;
}
